
Microsoft Visual Studio Solution File, Format Version 12.00
# Visual Studio Version 17
VisualStudioVersion = 17.9.34622.214
MinimumVisualStudioVersion = 10.0.40219.1
Project("{FAE04EC0-301F-11D3-BF4B-00C04F79EFBC}") = "ComboBox CONTROL IN WINFORMS C#", "ComboBox CONTROL IN WINFORMS C#\ComboBox CONTROL IN WINFORMS C#.csproj", "{7FF05A8E-012E-4794-8349-DB9C6168B06B}"
EndProject
Global
	GlobalSection(SolutionConfigurationPlatforms) = preSolution
		Debug|Any CPU = Debug|Any CPU
		Release|Any CPU = Release|Any CPU
	EndGlobalSection
	GlobalSection(ProjectConfigurationPlatforms) = postSolution
		{7FF05A8E-012E-4794-8349-DB9C6168B06B}.Debug|Any CPU.ActiveCfg = Debug|Any CPU
		{7FF05A8E-012E-4794-8349-DB9C6168B06B}.Debug|Any CPU.Build.0 = Debug|Any CPU
		{7FF05A8E-012E-4794-8349-DB9C6168B06B}.Release|Any CPU.ActiveCfg = Release|Any CPU
		{7FF05A8E-012E-4794-8349-DB9C6168B06B}.Release|Any CPU.Build.0 = Release|Any CPU
	EndGlobalSection
	GlobalSection(SolutionProperties) = preSolution
		HideSolutionNode = FALSE
	EndGlobalSection
	GlobalSection(ExtensibilityGlobals) = postSolution
		SolutionGuid = {95516B55-CB8E-4D7A-8A70-AEE56C3B1C09}
	EndGlobalSection
EndGlobal
